
Microsoft Visual Studio Solution File, Format Version 12.00
# Visual Studio Version 17
VisualStudioVersion = 17.3.32929.385
MinimumVisualStudioVersion = 10.0.40219.1
Project("{FAE04EC0-301F-11D3-BF4B-00C04F79EFBC}") = "Dikdörtgenin_alanını_hesaplayan_kod", "Dikdörtgenin_alanını_hesaplayan_kod\Dikdörtgenin_alanını_hesaplayan_kod.csproj", "{B9E8CE8E-3239-4C19-9956-A37CF1DAADD8}"
EndProject
Global
	GlobalSection(SolutionConfigurationPlatforms) = preSolution
		Debug|Any CPU = Debug|Any CPU
		Release|Any CPU = Release|Any CPU
	EndGlobalSection
	GlobalSection(ProjectConfigurationPlatforms) = postSolution
		{B9E8CE8E-3239-4C19-9956-A37CF1DAADD8}.Debug|Any CPU.ActiveCfg = Debug|Any CPU
		{B9E8CE8E-3239-4C19-9956-A37CF1DAADD8}.Debug|Any CPU.Build.0 = Debug|Any CPU
		{B9E8CE8E-3239-4C19-9956-A37CF1DAADD8}.Release|Any CPU.ActiveCfg = Release|Any CPU
		{B9E8CE8E-3239-4C19-9956-A37CF1DAADD8}.Release|Any CPU.Build.0 = Release|Any CPU
	EndGlobalSection
	GlobalSection(SolutionProperties) = preSolution
		HideSolutionNode = FALSE
	EndGlobalSection
	GlobalSection(ExtensibilityGlobals) = postSolution
		SolutionGuid = {FA6417DF-FC6D-4C8B-9C00-8A28AC31157E}
	EndGlobalSection
EndGlobal
