
Microsoft Visual Studio Solution File, Format Version 12.00
# Visual Studio Version 17
VisualStudioVersion = 17.4.33122.133
MinimumVisualStudioVersion = 10.0.40219.1
Project("{FAE04EC0-301F-11D3-BF4B-00C04F79EFBC}") = "OOP", "OOP\OOP.csproj", "{81E44B9B-938E-441C-819C-B15E154184E5}"
EndProject
Global
	GlobalSection(SolutionConfigurationPlatforms) = preSolution
		Debug|Any CPU = Debug|Any CPU
		Release|Any CPU = Release|Any CPU
	EndGlobalSection
	GlobalSection(ProjectConfigurationPlatforms) = postSolution
		{81E44B9B-938E-441C-819C-B15E154184E5}.Debug|Any CPU.ActiveCfg = Debug|Any CPU
		{81E44B9B-938E-441C-819C-B15E154184E5}.Debug|Any CPU.Build.0 = Debug|Any CPU
		{81E44B9B-938E-441C-819C-B15E154184E5}.Release|Any CPU.ActiveCfg = Release|Any CPU
		{81E44B9B-938E-441C-819C-B15E154184E5}.Release|Any CPU.Build.0 = Release|Any CPU
	EndGlobalSection
	GlobalSection(SolutionProperties) = preSolution
		HideSolutionNode = FALSE
	EndGlobalSection
	GlobalSection(ExtensibilityGlobals) = postSolution
		SolutionGuid = {194DE2AB-96F1-418C-B2EB-B3572A832994}
	EndGlobalSection
EndGlobal
