
Microsoft Visual Studio Solution File, Format Version 12.00
# Visual Studio Version 17
VisualStudioVersion = 17.4.33122.133
MinimumVisualStudioVersion = 10.0.40219.1
Project("{FAE04EC0-301F-11D3-BF4B-00C04F79EFBC}") = "BiletSatisUygulamasi", "BiletSatisUygulamasi\BiletSatisUygulamasi.csproj", "{3F2F5841-5C13-4483-A06A-D7F08E4F26B6}"
EndProject
Global
	GlobalSection(SolutionConfigurationPlatforms) = preSolution
		Debug|Any CPU = Debug|Any CPU
		Release|Any CPU = Release|Any CPU
	EndGlobalSection
	GlobalSection(ProjectConfigurationPlatforms) = postSolution
		{3F2F5841-5C13-4483-A06A-D7F08E4F26B6}.Debug|Any CPU.ActiveCfg = Debug|Any CPU
		{3F2F5841-5C13-4483-A06A-D7F08E4F26B6}.Debug|Any CPU.Build.0 = Debug|Any CPU
		{3F2F5841-5C13-4483-A06A-D7F08E4F26B6}.Release|Any CPU.ActiveCfg = Release|Any CPU
		{3F2F5841-5C13-4483-A06A-D7F08E4F26B6}.Release|Any CPU.Build.0 = Release|Any CPU
	EndGlobalSection
	GlobalSection(SolutionProperties) = preSolution
		HideSolutionNode = FALSE
	EndGlobalSection
	GlobalSection(ExtensibilityGlobals) = postSolution
		SolutionGuid = {43157E86-4CF1-4A4F-8056-BBFC9272AE7E}
	EndGlobalSection
EndGlobal
