
Microsoft Visual Studio Solution File, Format Version 12.00
# Visual Studio Version 17
VisualStudioVersion = 17.4.33122.133
MinimumVisualStudioVersion = 10.0.40219.1
Project("{FAE04EC0-301F-11D3-BF4B-00C04F79EFBC}") = "WindowsFormsApp", "WindowsFormsApp\WindowsFormsApp.csproj", "{12697D16-8CA6-4985-B233-E2DF05C7FE98}"
EndProject
Global
	GlobalSection(SolutionConfigurationPlatforms) = preSolution
		Debug|Any CPU = Debug|Any CPU
		Release|Any CPU = Release|Any CPU
	EndGlobalSection
	GlobalSection(ProjectConfigurationPlatforms) = postSolution
		{12697D16-8CA6-4985-B233-E2DF05C7FE98}.Debug|Any CPU.ActiveCfg = Debug|Any CPU
		{12697D16-8CA6-4985-B233-E2DF05C7FE98}.Debug|Any CPU.Build.0 = Debug|Any CPU
		{12697D16-8CA6-4985-B233-E2DF05C7FE98}.Release|Any CPU.ActiveCfg = Release|Any CPU
		{12697D16-8CA6-4985-B233-E2DF05C7FE98}.Release|Any CPU.Build.0 = Release|Any CPU
	EndGlobalSection
	GlobalSection(SolutionProperties) = preSolution
		HideSolutionNode = FALSE
	EndGlobalSection
	GlobalSection(ExtensibilityGlobals) = postSolution
		SolutionGuid = {CABC49E6-5C6C-427D-B0BF-642EAF93B982}
	EndGlobalSection
EndGlobal
