
Microsoft Visual Studio Solution File, Format Version 12.00
# Visual Studio Version 17
VisualStudioVersion = 17.4.33122.133
MinimumVisualStudioVersion = 10.0.40219.1
Project("{FAE04EC0-301F-11D3-BF4B-00C04F79EFBC}") = "if_else_örnek", "if_else_örnek\if_else_örnek.csproj", "{ECE53837-E255-4455-835F-D0F3022EABEB}"
EndProject
Global
	GlobalSection(SolutionConfigurationPlatforms) = preSolution
		Debug|Any CPU = Debug|Any CPU
		Release|Any CPU = Release|Any CPU
	EndGlobalSection
	GlobalSection(ProjectConfigurationPlatforms) = postSolution
		{ECE53837-E255-4455-835F-D0F3022EABEB}.Debug|Any CPU.ActiveCfg = Debug|Any CPU
		{ECE53837-E255-4455-835F-D0F3022EABEB}.Debug|Any CPU.Build.0 = Debug|Any CPU
		{ECE53837-E255-4455-835F-D0F3022EABEB}.Release|Any CPU.ActiveCfg = Release|Any CPU
		{ECE53837-E255-4455-835F-D0F3022EABEB}.Release|Any CPU.Build.0 = Release|Any CPU
	EndGlobalSection
	GlobalSection(SolutionProperties) = preSolution
		HideSolutionNode = FALSE
	EndGlobalSection
	GlobalSection(ExtensibilityGlobals) = postSolution
		SolutionGuid = {986F8000-56A5-4680-9564-35F6C4F77E3D}
	EndGlobalSection
EndGlobal
