
Microsoft Visual Studio Solution File, Format Version 12.00
# Visual Studio Version 17
VisualStudioVersion = 17.3.32929.385
MinimumVisualStudioVersion = 10.0.40219.1
Project("{FAE04EC0-301F-11D3-BF4B-00C04F79EFBC}") = "Sayı tahmin eden uygulama", "Sayı tahmin eden uygulama\Sayı tahmin eden uygulama.csproj", "{32FFAAAA-B949-4634-8D26-C9CA266B21A5}"
EndProject
Global
	GlobalSection(SolutionConfigurationPlatforms) = preSolution
		Debug|Any CPU = Debug|Any CPU
		Release|Any CPU = Release|Any CPU
	EndGlobalSection
	GlobalSection(ProjectConfigurationPlatforms) = postSolution
		{32FFAAAA-B949-4634-8D26-C9CA266B21A5}.Debug|Any CPU.ActiveCfg = Debug|Any CPU
		{32FFAAAA-B949-4634-8D26-C9CA266B21A5}.Debug|Any CPU.Build.0 = Debug|Any CPU
		{32FFAAAA-B949-4634-8D26-C9CA266B21A5}.Release|Any CPU.ActiveCfg = Release|Any CPU
		{32FFAAAA-B949-4634-8D26-C9CA266B21A5}.Release|Any CPU.Build.0 = Release|Any CPU
	EndGlobalSection
	GlobalSection(SolutionProperties) = preSolution
		HideSolutionNode = FALSE
	EndGlobalSection
	GlobalSection(ExtensibilityGlobals) = postSolution
		SolutionGuid = {40F4DED4-65D3-4524-91A3-0315F708B75E}
	EndGlobalSection
EndGlobal
